
Microsoft Visual Studio Solution File, Format Version 12.00
# Visual Studio Version 16
VisualStudioVersion = 16.0.31129.286
MinimumVisualStudioVersion = 10.0.40219.1
Project("{FAE04EC0-301F-11D3-BF4B-00C04F79EFBC}") = "LeetCode_23_Merge k Sorted Lists", "LeetCode_23_Merge k Sorted Lists\LeetCode_23_Merge k Sorted Lists.csproj", "{563BE9C7-1F14-447F-A9F8-9A2250C32133}"
EndProject
Global
	GlobalSection(SolutionConfigurationPlatforms) = preSolution
		Debug|Any CPU = Debug|Any CPU
		Release|Any CPU = Release|Any CPU
	EndGlobalSection
	GlobalSection(ProjectConfigurationPlatforms) = postSolution
		{563BE9C7-1F14-447F-A9F8-9A2250C32133}.Debug|Any CPU.ActiveCfg = Debug|Any CPU
		{563BE9C7-1F14-447F-A9F8-9A2250C32133}.Debug|Any CPU.Build.0 = Debug|Any CPU
		{563BE9C7-1F14-447F-A9F8-9A2250C32133}.Release|Any CPU.ActiveCfg = Release|Any CPU
		{563BE9C7-1F14-447F-A9F8-9A2250C32133}.Release|Any CPU.Build.0 = Release|Any CPU
	EndGlobalSection
	GlobalSection(SolutionProperties) = preSolution
		HideSolutionNode = FALSE
	EndGlobalSection
	GlobalSection(ExtensibilityGlobals) = postSolution
		SolutionGuid = {58975884-2789-4856-83E7-62661830AACE}
	EndGlobalSection
EndGlobal
