
Microsoft Visual Studio Solution File, Format Version 12.00
# Visual Studio Version 16
VisualStudioVersion = 16.0.31205.134
MinimumVisualStudioVersion = 10.0.40219.1
Project("{FAE04EC0-301F-11D3-BF4B-00C04F79EFBC}") = "LeetCode_33_Search in Rotated Sorted Array", "LeetCode_33_Search in Rotated Sorted Array\LeetCode_33_Search in Rotated Sorted Array.csproj", "{B9DF6B0B-195E-44CC-B761-6B6B138C355E}"
EndProject
Global
	GlobalSection(SolutionConfigurationPlatforms) = preSolution
		Debug|Any CPU = Debug|Any CPU
		Release|Any CPU = Release|Any CPU
	EndGlobalSection
	GlobalSection(ProjectConfigurationPlatforms) = postSolution
		{B9DF6B0B-195E-44CC-B761-6B6B138C355E}.Debug|Any CPU.ActiveCfg = Debug|Any CPU
		{B9DF6B0B-195E-44CC-B761-6B6B138C355E}.Debug|Any CPU.Build.0 = Debug|Any CPU
		{B9DF6B0B-195E-44CC-B761-6B6B138C355E}.Release|Any CPU.ActiveCfg = Release|Any CPU
		{B9DF6B0B-195E-44CC-B761-6B6B138C355E}.Release|Any CPU.Build.0 = Release|Any CPU
	EndGlobalSection
	GlobalSection(SolutionProperties) = preSolution
		HideSolutionNode = FALSE
	EndGlobalSection
	GlobalSection(ExtensibilityGlobals) = postSolution
		SolutionGuid = {DFF30CAC-7338-4D90-B9F1-517293911A2F}
	EndGlobalSection
EndGlobal
