
Microsoft Visual Studio Solution File, Format Version 12.00
# Visual Studio 15
VisualStudioVersion = 15.0.28307.438
MinimumVisualStudioVersion = 10.0.40219.1
Project("{FAE04EC0-301F-11D3-BF4B-00C04F79EFBC}") = "Leetcode35_Search Insert Position", "Leetcode35_Search Insert Position\Leetcode35_Search Insert Position.csproj", "{76134150-EFDC-4DC8-9336-24DA6F676352}"
EndProject
Global
	GlobalSection(SolutionConfigurationPlatforms) = preSolution
		Debug|Any CPU = Debug|Any CPU
		Release|Any CPU = Release|Any CPU
	EndGlobalSection
	GlobalSection(ProjectConfigurationPlatforms) = postSolution
		{76134150-EFDC-4DC8-9336-24DA6F676352}.Debug|Any CPU.ActiveCfg = Debug|Any CPU
		{76134150-EFDC-4DC8-9336-24DA6F676352}.Debug|Any CPU.Build.0 = Debug|Any CPU
		{76134150-EFDC-4DC8-9336-24DA6F676352}.Release|Any CPU.ActiveCfg = Release|Any CPU
		{76134150-EFDC-4DC8-9336-24DA6F676352}.Release|Any CPU.Build.0 = Release|Any CPU
	EndGlobalSection
	GlobalSection(SolutionProperties) = preSolution
		HideSolutionNode = FALSE
	EndGlobalSection
	GlobalSection(ExtensibilityGlobals) = postSolution
		SolutionGuid = {0C2D1A2A-ADB2-4DCC-83C0-57087DB70DEA}
	EndGlobalSection
EndGlobal
