
Microsoft Visual Studio Solution File, Format Version 12.00
# Visual Studio 15
VisualStudioVersion = 15.0.28307.438
MinimumVisualStudioVersion = 10.0.40219.1
Project("{FAE04EC0-301F-11D3-BF4B-00C04F79EFBC}") = "LeetCode58_Length of Last Word", "LeetCode58_Length of Last Word\LeetCode58_Length of Last Word.csproj", "{21BE3662-1F4B-4AAE-8025-2E21DEAA8FDE}"
EndProject
Global
	GlobalSection(SolutionConfigurationPlatforms) = preSolution
		Debug|Any CPU = Debug|Any CPU
		Release|Any CPU = Release|Any CPU
	EndGlobalSection
	GlobalSection(ProjectConfigurationPlatforms) = postSolution
		{21BE3662-1F4B-4AAE-8025-2E21DEAA8FDE}.Debug|Any CPU.ActiveCfg = Debug|Any CPU
		{21BE3662-1F4B-4AAE-8025-2E21DEAA8FDE}.Debug|Any CPU.Build.0 = Debug|Any CPU
		{21BE3662-1F4B-4AAE-8025-2E21DEAA8FDE}.Release|Any CPU.ActiveCfg = Release|Any CPU
		{21BE3662-1F4B-4AAE-8025-2E21DEAA8FDE}.Release|Any CPU.Build.0 = Release|Any CPU
	EndGlobalSection
	GlobalSection(SolutionProperties) = preSolution
		HideSolutionNode = FALSE
	EndGlobalSection
	GlobalSection(ExtensibilityGlobals) = postSolution
		SolutionGuid = {8CE8F673-A21A-4D07-BF3B-2E3D4E43CD7A}
	EndGlobalSection
EndGlobal
