
Microsoft Visual Studio Solution File, Format Version 12.00
# Visual Studio 15
VisualStudioVersion = 15.0.27703.2042
MinimumVisualStudioVersion = 10.0.40219.1
Project("{FAE04EC0-301F-11D3-BF4B-00C04F79EFBC}") = "Leetcode709_ToLowerCase", "Leetcode709_ToLowerCase\Leetcode709_ToLowerCase.csproj", "{DDCCED69-8262-41B4-81A3-A120B54E45C3}"
EndProject
Global
	GlobalSection(SolutionConfigurationPlatforms) = preSolution
		Debug|Any CPU = Debug|Any CPU
		Release|Any CPU = Release|Any CPU
	EndGlobalSection
	GlobalSection(ProjectConfigurationPlatforms) = postSolution
		{DDCCED69-8262-41B4-81A3-A120B54E45C3}.Debug|Any CPU.ActiveCfg = Debug|Any CPU
		{DDCCED69-8262-41B4-81A3-A120B54E45C3}.Debug|Any CPU.Build.0 = Debug|Any CPU
		{DDCCED69-8262-41B4-81A3-A120B54E45C3}.Release|Any CPU.ActiveCfg = Release|Any CPU
		{DDCCED69-8262-41B4-81A3-A120B54E45C3}.Release|Any CPU.Build.0 = Release|Any CPU
	EndGlobalSection
	GlobalSection(SolutionProperties) = preSolution
		HideSolutionNode = FALSE
	EndGlobalSection
	GlobalSection(ExtensibilityGlobals) = postSolution
		SolutionGuid = {02DC8F38-C419-46CC-B41F-8144D776C1C7}
	EndGlobalSection
EndGlobal
