
Microsoft Visual Studio Solution File, Format Version 12.00
# Visual Studio Version 16
VisualStudioVersion = 16.0.31129.286
MinimumVisualStudioVersion = 10.0.40219.1
Project("{FAE04EC0-301F-11D3-BF4B-00C04F79EFBC}") = "LeetCode_5_Longest Palindromic Substring", "LeetCode_5_Longest Palindromic Substring\LeetCode_5_Longest Palindromic Substring.csproj", "{24438771-6DF1-4508-869F-46A44A0A6FB9}"
EndProject
Global
	GlobalSection(SolutionConfigurationPlatforms) = preSolution
		Debug|Any CPU = Debug|Any CPU
		Release|Any CPU = Release|Any CPU
	EndGlobalSection
	GlobalSection(ProjectConfigurationPlatforms) = postSolution
		{24438771-6DF1-4508-869F-46A44A0A6FB9}.Debug|Any CPU.ActiveCfg = Debug|Any CPU
		{24438771-6DF1-4508-869F-46A44A0A6FB9}.Debug|Any CPU.Build.0 = Debug|Any CPU
		{24438771-6DF1-4508-869F-46A44A0A6FB9}.Release|Any CPU.ActiveCfg = Release|Any CPU
		{24438771-6DF1-4508-869F-46A44A0A6FB9}.Release|Any CPU.Build.0 = Release|Any CPU
	EndGlobalSection
	GlobalSection(SolutionProperties) = preSolution
		HideSolutionNode = FALSE
	EndGlobalSection
	GlobalSection(ExtensibilityGlobals) = postSolution
		SolutionGuid = {91693172-9960-4EDF-BE89-202A11239370}
	EndGlobalSection
EndGlobal
