
Microsoft Visual Studio Solution File, Format Version 12.00
# Visual Studio 15
VisualStudioVersion = 15.0.28010.2016
MinimumVisualStudioVersion = 10.0.40219.1
Project("{FAE04EC0-301F-11D3-BF4B-00C04F79EFBC}") = "Leetcode2_ AddTwoNumbers", "Leetcode2_ AddTwoNumbers\Leetcode2_ AddTwoNumbers.csproj", "{218FC3AF-59C4-40FA-A516-5CE90D3AF0D3}"
EndProject
Global
	GlobalSection(SolutionConfigurationPlatforms) = preSolution
		Debug|Any CPU = Debug|Any CPU
		Release|Any CPU = Release|Any CPU
	EndGlobalSection
	GlobalSection(ProjectConfigurationPlatforms) = postSolution
		{218FC3AF-59C4-40FA-A516-5CE90D3AF0D3}.Debug|Any CPU.ActiveCfg = Debug|Any CPU
		{218FC3AF-59C4-40FA-A516-5CE90D3AF0D3}.Debug|Any CPU.Build.0 = Debug|Any CPU
		{218FC3AF-59C4-40FA-A516-5CE90D3AF0D3}.Release|Any CPU.ActiveCfg = Release|Any CPU
		{218FC3AF-59C4-40FA-A516-5CE90D3AF0D3}.Release|Any CPU.Build.0 = Release|Any CPU
	EndGlobalSection
	GlobalSection(SolutionProperties) = preSolution
		HideSolutionNode = FALSE
	EndGlobalSection
	GlobalSection(ExtensibilityGlobals) = postSolution
		SolutionGuid = {CE0ADF9A-6F45-471F-AB5E-464ACB46EF25}
	EndGlobalSection
EndGlobal
